// !$*UTF8*$!
{
	archiveVersion = 1;
	classes = {
	};
	objectVersion = 46;
	objects = {

/* Begin PBXBuildFile section */
		1AB0389015520F34001AA041 /* UIKit.framework in Frameworks */ = {isa = PBXBuildFile; fileRef = 1AB0388F15520F34001AA041 /* UIKit.framework */; };
		1AB0389215520F34001AA041 /* Foundation.framework in Frameworks */ = {isa = PBXBuildFile; fileRef = 1AB0389115520F34001AA041 /* Foundation.framework */; };
		1AB0389415520F34001AA041 /* CoreGraphics.framework in Frameworks */ = {isa = PBXBuildFile; fileRef = 1AB0389315520F34001AA041 /* CoreGraphics.framework */; };
		1AB0389A15520F34001AA041 /* InfoPlist.strings in Resources */ = {isa = PBXBuildFile; fileRef = 1AB0389815520F34001AA041 /* InfoPlist.strings */; };
		1AB0389C15520F34001AA041 /* main.m in Sources */ = {isa = PBXBuildFile; fileRef = 1AB0389B15520F34001AA041 /* main.m */; };
		1AB038A015520F34001AA041 /* PsychologistAppDelegate.m in Sources */ = {isa = PBXBuildFile; fileRef = 1AB0389F15520F34001AA041 /* PsychologistAppDelegate.m */; };
		1AB038A315520F34001AA041 /* MainStoryboard.storyboard in Resources */ = {isa = PBXBuildFile; fileRef = 1AB038A115520F34001AA041 /* MainStoryboard.storyboard */; };
		1AB038A615520F34001AA041 /* PsychologistViewController.m in Sources */ = {isa = PBXBuildFile; fileRef = 1AB038A515520F34001AA041 /* PsychologistViewController.m */; };
/* End PBXBuildFile section */

/* Begin PBXFileReference section */
		1AB0388B15520F34001AA041 /* Psychologist.app */ = {isa = PBXFileReference; explicitFileType = wrapper.application; includeInIndex = 0; path = Psychologist.app; sourceTree = BUILT_PRODUCTS_DIR; };
		1AB0388F15520F34001AA041 /* UIKit.framework */ = {isa = PBXFileReference; lastKnownFileType = wrapper.framework; name = UIKit.framework; path = System/Library/Frameworks/UIKit.framework; sourceTree = SDKROOT; };
		1AB0389115520F34001AA041 /* Foundation.framework */ = {isa = PBXFileReference; lastKnownFileType = wrapper.framework; name = Foundation.framework; path = System/Library/Frameworks/Foundation.framework; sourceTree = SDKROOT; };
		1AB0389315520F34001AA041 /* CoreGraphics.framework */ = {isa = PBXFileReference; lastKnownFileType = wrapper.framework; name = CoreGraphics.framework; path = System/Library/Frameworks/CoreGraphics.framework; sourceTree = SDKROOT; };
		1AB0389715520F34001AA041 /* Psychologist-Info.plist */ = {isa = PBXFileReference; path = "Psychologist-Info.plist"; sourceTree = "<group>"; };
		1AB0389915520F34001AA041 /* en */ = {isa = PBXFileReference; lastKnownFileType = text.plist.strings; name = en; path = en.lproj/InfoPlist.strings; sourceTree = "<group>"; };
		1AB0389B15520F34001AA041 /* main.m */ = {isa = PBXFileReference; lastKnownFileType = sourcecode.c.objc; path = main.m; sourceTree = "<group>"; };
		1AB0389D15520F34001AA041 /* Psychologist-Prefix.pch */ = {isa = PBXFileReference; path = "Psychologist-Prefix.pch"; sourceTree = "<group>"; };
		1AB0389E15520F34001AA041 /* PsychologistAppDelegate.h */ = {isa = PBXFileReference; path = PsychologistAppDelegate.h; sourceTree = "<group>"; };
		1AB0389F15520F34001AA041 /* PsychologistAppDelegate.m */ = {isa = PBXFileReference; lastKnownFileType = sourcecode.c.objc; path = PsychologistAppDelegate.m; sourceTree = "<group>"; };
		1AB038A215520F34001AA041 /* en */ = {isa = PBXFileReference; lastKnownFileType = file.storyboard; name = en; path = en.lproj/MainStoryboard.storyboard; sourceTree = "<group>"; };
		1AB038A415520F34001AA041 /* PsychologistViewController.h */ = {isa = PBXFileReference; path = PsychologistViewController.h; sourceTree = "<group>"; };
		1AB038A515520F34001AA041 /* PsychologistViewController.m */ = {isa = PBXFileReference; lastKnownFileType = sourcecode.c.objc; path = PsychologistViewController.m; sourceTree = "<group>"; };
/* End PBXFileReference section */

/* Begin PBXFrameworksBuildPhase section */
		1AB0388815520F34001AA041 /* Frameworks */ = {
			isa = PBXFrameworksBuildPhase;
			buildActionMask = 2147483647;
			files = (
				1AB0389015520F34001AA041 /* UIKit.framework in Frameworks */,
				1AB0389215520F34001AA041 /* Foundation.framework in Frameworks */,
				1AB0389415520F34001AA041 /* CoreGraphics.framework in Frameworks */,
			);
			runOnlyForDeploymentPostprocessing = 0;
		};
/* End PBXFrameworksBuildPhase section */

/* Begin PBXGroup section */
		1AB0388015520F34001AA041 = {
			isa = PBXGroup;
			children = (
				1AB0389515520F34001AA041 /* Psychologist */,
				1AB0388E15520F34001AA041 /* Frameworks */,
				1AB0388C15520F34001AA041 /* Products */,
			);
			sourceTree = "<group>";
		};
		1AB0388C15520F34001AA041 /* Products */ = {
			isa = PBXGroup;
			children = (
				1AB0388B15520F34001AA041 /* Psychologist.app */,
			);
			name = Products;
			sourceTree = "<group>";
		};
		1AB0388E15520F34001AA041 /* Frameworks */ = {
			isa = PBXGroup;
			children = (
				1AB0388F15520F34001AA041 /* UIKit.framework */,
				1AB0389115520F34001AA041 /* Foundation.framework */,
				1AB0389315520F34001AA041 /* CoreGraphics.framework */,
			);
			name = Frameworks;
			sourceTree = "<group>";
		};
		1AB0389515520F34001AA041 /* Psychologist */ = {
			isa = PBXGroup;
			children = (
				1AB0389E15520F34001AA041 /* PsychologistAppDelegate.h */,
				1AB0389F15520F34001AA041 /* PsychologistAppDelegate.m */,
				1AB038A115520F34001AA041 /* MainStoryboard.storyboard */,
				1AB038A415520F34001AA041 /* PsychologistViewController.h */,
				1AB038A515520F34001AA041 /* PsychologistViewController.m */,
				1AB0389615520F34001AA041 /* Supporting Files */,
			);
			path = Psychologist;
			sourceTree = "<group>";
		};
		1AB0389615520F34001AA041 /* Supporting Files */ = {
			isa = PBXGroup;
			children = (
				1AB0389715520F34001AA041 /* Psychologist-Info.plist */,
				1AB0389815520F34001AA041 /* InfoPlist.strings */,
				1AB0389B15520F34001AA041 /* main.m */,
				1AB0389D15520F34001AA041 /* Psychologist-Prefix.pch */,
			);
			name = "Supporting Files";
			sourceTree = "<group>";
		};
/* End PBXGroup section */

/* Begin PBXNativeTarget section */
		1AB0388A15520F34001AA041 /* Psychologist */ = {
			isa = PBXNativeTarget;
			buildConfigurationList = 1AB038A915520F34001AA041 /* Build configuration list for PBXNativeTarget "Psychologist" */;
			buildPhases = (
				1AB0388715520F34001AA041 /* Sources */,
				1AB0388815520F34001AA041 /* Frameworks */,
				1AB0388915520F34001AA041 /* Resources */,
			);
			buildRules = (
			);
			dependencies = (
			);
			name = Psychologist;
			productName = Psychologist;
			productReference = 1AB0388B15520F34001AA041 /* Psychologist.app */;
			productType = "com.apple.product-type.application";
		};
/* End PBXNativeTarget section */

/* Begin PBXProject section */
		1AB0388215520F34001AA041 /* Project object */ = {
			isa = PBXProject;
			attributes = {
				CLASSPREFIX = Psychologist;
				LastUpgradeCheck = 0430;
			};
			buildConfigurationList = 1AB0388515520F34001AA041 /* Build configuration list for PBXProject "Psychologist" */;
			compatibilityVersion = "Xcode 3.2";
			developmentRegion = English;
			hasScannedForEncodings = 0;
			knownRegions = (
				en,
			);
			mainGroup = 1AB0388015520F34001AA041;
			productRefGroup = 1AB0388C15520F34001AA041 /* Products */;
			projectDirPath = "";
			projectRoot = "";
			targets = (
				1AB0388A15520F34001AA041 /* Psychologist */,
			);
		};
/* End PBXProject section */

/* Begin PBXResourcesBuildPhase section */
		1AB0388915520F34001AA041 /* Resources */ = {
			isa = PBXResourcesBuildPhase;
			buildActionMask = 2147483647;
			files = (
				1AB0389A15520F34001AA041 /* InfoPlist.strings in Resources */,
				1AB038A315520F34001AA041 /* MainStoryboard.storyboard in Resources */,
			);
			runOnlyForDeploymentPostprocessing = 0;
		};
/* End PBXResourcesBuildPhase section */

/* Begin PBXSourcesBuildPhase section */
		1AB0388715520F34001AA041 /* Sources */ = {
			isa = PBXSourcesBuildPhase;
			buildActionMask = 2147483647;
			files = (
				1AB0389C15520F34001AA041 /* main.m in Sources */,
				1AB038A015520F34001AA041 /* PsychologistAppDelegate.m in Sources */,
				1AB038A615520F34001AA041 /* PsychologistViewController.m in Sources */,
			);
			runOnlyForDeploymentPostprocessing = 0;
		};
/* End PBXSourcesBuildPhase section */

/* Begin PBXVariantGroup section */
		1AB0389815520F34001AA041 /* InfoPlist.strings */ = {
			isa = PBXVariantGroup;
			children = (
				1AB0389915520F34001AA041 /* en */,
			);
			name = InfoPlist.strings;
			sourceTree = "<group>";
		};
		1AB038A115520F34001AA041 /* MainStoryboard.storyboard */ = {
			isa = PBXVariantGroup;
			children = (
				1AB038A215520F34001AA041 /* en */,
			);
			name = MainStoryboard.storyboard;
			sourceTree = "<group>";
		};
/* End PBXVariantGroup section */

/* Begin XCBuildConfiguration section */
		1AB038A715520F34001AA041 /* Debug */ = {
			isa = XCBuildConfiguration;
			buildSettings = {
				ALWAYS_SEARCH_USER_PATHS = NO;
				ARCHS = "$(ARCHS_STANDARD_32_BIT)";
				CLANG_ENABLE_OBJC_ARC = YES;
				"CODE_SIGN_IDENTITY[sdk=iphoneos*]" = "iPhone Developer";
				COPY_PHASE_STRIP = NO;
				GCC_C_LANGUAGE_STANDARD = gnu99;
				GCC_DYNAMIC_NO_PIC = NO;
				GCC_OPTIMIZATION_LEVEL = 0;
				GCC_PREPROCESSOR_DEFINITIONS = (
					"DEBUG=1",
					"$(inherited)",
				);
				GCC_SYMBOLS_PRIVATE_EXTERN = NO;
				GCC_VERSION = com.apple.compilers.llvm.clang.1_0;
				GCC_WARN_ABOUT_RETURN_TYPE = YES;
				GCC_WARN_UNINITIALIZED_AUTOS = YES;
				GCC_WARN_UNUSED_VARIABLE = YES;
				IPHONEOS_DEPLOYMENT_TARGET = 5.1;
				SDKROOT = iphoneos;
			};
			name = Debug;
		};
		1AB038A815520F34001AA041 /* Release */ = {
			isa = XCBuildConfiguration;
			buildSettings = {
				ALWAYS_SEARCH_USER_PATHS = NO;
				ARCHS = "$(ARCHS_STANDARD_32_BIT)";
				CLANG_ENABLE_OBJC_ARC = YES;
				"CODE_SIGN_IDENTITY[sdk=iphoneos*]" = "iPhone Developer";
				COPY_PHASE_STRIP = YES;
				GCC_C_LANGUAGE_STANDARD = gnu99;
				GCC_VERSION = com.apple.compilers.llvm.clang.1_0;
				GCC_WARN_ABOUT_RETURN_TYPE = YES;
				GCC_WARN_UNINITIALIZED_AUTOS = YES;
				GCC_WARN_UNUSED_VARIABLE = YES;
				IPHONEOS_DEPLOYMENT_TARGET = 5.1;
				OTHER_CFLAGS = "-DNS_BLOCK_ASSERTIONS=1";
				SDKROOT = iphoneos;
				VALIDATE_PRODUCT = YES;
			};
			name = Release;
		};
		1AB038AA15520F34001AA041 /* Debug */ = {
			isa = XCBuildConfiguration;
			buildSettings = {
				GCC_PRECOMPILE_PREFIX_HEADER = YES;
				GCC_PREFIX_HEADER = "Psychologist/Psychologist-Prefix.pch";
				INFOPLIST_FILE = "Psychologist/Psychologist-Info.plist";
				PRODUCT_NAME = "$(TARGET_NAME)";
				WRAPPER_EXTENSION = app;
			};
			name = Debug;
		};
		1AB038AB15520F34001AA041 /* Release */ = {
			isa = XCBuildConfiguration;
			buildSettings = {
				GCC_PRECOMPILE_PREFIX_HEADER = YES;
				GCC_PREFIX_HEADER = "Psychologist/Psychologist-Prefix.pch";
				INFOPLIST_FILE = "Psychologist/Psychologist-Info.plist";
				PRODUCT_NAME = "$(TARGET_NAME)";
				WRAPPER_EXTENSION = app;
			};
			name = Release;
		};
/* End XCBuildConfiguration section */

/* Begin XCConfigurationList section */
		1AB0388515520F34001AA041 /* Build configuration list for PBXProject "Psychologist" */ = {
			isa = XCConfigurationList;
			buildConfigurations = (
				1AB038A715520F34001AA041 /* Debug */,
				1AB038A815520F34001AA041 /* Release */,
			);
			defaultConfigurationIsVisible = 0;
			defaultConfigurationName = Release;
		};
		1AB038A915520F34001AA041 /* Build configuration list for PBXNativeTarget "Psychologist" */ = {
			isa = XCConfigurationList;
			buildConfigurations = (
				1AB038AA15520F34001AA041 /* Debug */,
				1AB038AB15520F34001AA041 /* Release */,
			);
			defaultConfigurationIsVisible = 0;
		};
/* End XCConfigurationList section */
	};
	rootObject = 1AB0388215520F34001AA041 /* Project object */;
}
